
Microsoft Visual Studio Solution File, Format Version 12.00
# Visual Studio Version 17
VisualStudioVersion = 17.6.33829.357
MinimumVisualStudioVersion = 10.0.40219.1
Project("{FAE04EC0-301F-11D3-BF4B-00C04F79EFBC}") = "ApartmentManagementApi", "ApartmentManagementApi\ApartmentManagementApi.csproj", "{C98B13E3-D3E9-46CB-8799-E57A4EFED274}"
EndProject
Global
	GlobalSection(SolutionConfigurationPlatforms) = preSolution
		Debug|Any CPU = Debug|Any CPU
		Release|Any CPU = Release|Any CPU
	EndGlobalSection
	GlobalSection(ProjectConfigurationPlatforms) = postSolution
		{C98B13E3-D3E9-46CB-8799-E57A4EFED274}.Debug|Any CPU.ActiveCfg = Debug|Any CPU
		{C98B13E3-D3E9-46CB-8799-E57A4EFED274}.Debug|Any CPU.Build.0 = Debug|Any CPU
		{C98B13E3-D3E9-46CB-8799-E57A4EFED274}.Release|Any CPU.ActiveCfg = Release|Any CPU
		{C98B13E3-D3E9-46CB-8799-E57A4EFED274}.Release|Any CPU.Build.0 = Release|Any CPU
	EndGlobalSection
	GlobalSection(SolutionProperties) = preSolution
		HideSolutionNode = FALSE
	EndGlobalSection
	GlobalSection(ExtensibilityGlobals) = postSolution
		SolutionGuid = {946189F6-00C8-40D4-83A9-36582D5B4EB3}
	EndGlobalSection
EndGlobal
